// !$*UTF8*$!
{
	archiveVersion = 1;
	classes = {
	};
	objectVersion = 77;
	objects = {

/* Begin PBXBuildFile section */
		4E502DF82F69FA07000E4332 /* Assets.xcassets in Resources */ = {isa = PBXBuildFile; fileRef = 4E502DF42F69FA07000E4332 /* Assets.xcassets */; };
		4E502DFA2F69FA07000E4332 /* GRMergeApp.swift in Sources */ = {isa = PBXBuildFile; fileRef = 4E502DF62F69FA07000E4332 /* GRMergeApp.swift */; };
		4E502E0D2F69FE7E000E4332 /* ContentView.swift in Sources */ = {isa = PBXBuildFile; fileRef = 4E502E062F69FBCF000E4332 /* ContentView.swift */; };
		4E502E0E2F69FEC8000E4332 /* FolderPickerRow2.swift in Sources */ = {isa = PBXBuildFile; fileRef = 4E502E082F69FC1F000E4332 /* FolderPickerRow2.swift */; };
		4E502E0F2F69FEC8000E4332 /* ResultsView.swift in Sources */ = {isa = PBXBuildFile; fileRef = 4E502E0B2F69FC6D000E4332 /* ResultsView.swift */; };
		4E502E102F69FEC8000E4332 /* LegendRow.swift in Sources */ = {isa = PBXBuildFile; fileRef = 4E502E0A2F69FC59000E4332 /* LegendRow.swift */; };
		4E502E112F69FEC8000E4332 /* FileRowView.swift in Sources */ = {isa = PBXBuildFile; fileRef = 4E502E0C2F69FC88000E4332 /* FileRowView.swift */; };
		4E502E122F69FEC8000E4332 /* LegendView.swift in Sources */ = {isa = PBXBuildFile; fileRef = 4E502E092F69FC48000E4332 /* LegendView.swift */; };
		4E502E132F69FEC8000E4332 /* SidebarView.swift in Sources */ = {isa = PBXBuildFile; fileRef = 4E502E072F69FBEF000E4332 /* SidebarView.swift */; };
		4E502E142F69FECE000E4332 /* CompareViewModel.swift in Sources */ = {isa = PBXBuildFile; fileRef = 4E502E052F69FB89000E4332 /* CompareViewModel.swift */; };
		4E502E152F69FED5000E4332 /* CompareStatus.swift in Sources */ = {isa = PBXBuildFile; fileRef = 4E502E042F69FB5F000E4332 /* CompareStatus.swift */; };
		4E502E162F69FED5000E4332 /* FileNode.swift in Sources */ = {isa = PBXBuildFile; fileRef = 4E502E032F69FB01000E4332 /* FileNode.swift */; };
		4E502E192F6A0109000E4332 /* FileComparator.swift in Sources */ = {isa = PBXBuildFile; fileRef = 4E502E182F69FFE4000E4332 /* FileComparator.swift */; };
		4E502E1A2F6A0109000E4332 /* FileScanner.swift in Sources */ = {isa = PBXBuildFile; fileRef = 4E502E172F69FFCF000E4332 /* FileScanner.swift */; };
		4E502E1C2F6A0458000E4332 /* CompareRule.swift in Sources */ = {isa = PBXBuildFile; fileRef = 4E502E1B2F6A0455000E4332 /* CompareRule.swift */; };
		4E502E1E2F6A04AA000E4332 /* RulesView.swift in Sources */ = {isa = PBXBuildFile; fileRef = 4E502E1D2F6A04A6000E4332 /* RulesView.swift */; };
		4E502E202F6A06C4000E4332 /* ScanProgress.swift in Sources */ = {isa = PBXBuildFile; fileRef = 4E502E1F2F6A06C1000E4332 /* ScanProgress.swift */; };
		4E502E222F6A06EA000E4332 /* ProgressView.swift in Sources */ = {isa = PBXBuildFile; fileRef = 4E502E212F6A06E7000E4332 /* ProgressView.swift */; };
		4E502E242F6A095D000E4332 /* ResultFooterView.swift in Sources */ = {isa = PBXBuildFile; fileRef = 4E502E232F6A0953000E4332 /* ResultFooterView.swift */; };
		4E502E262F6A0F28000E4332 /* README.md in Sources */ = {isa = PBXBuildFile; fileRef = 4E502E252F6A0F22000E4332 /* README.md */; };
/* End PBXBuildFile section */

/* Begin PBXFileReference section */
		4E502DDE2F69F6E5000E4332 /* GRMerge.app */ = {isa = PBXFileReference; explicitFileType = wrapper.application; includeInIndex = 0; name = GRMerge.app; path = /Users/retez/Dev/Projects/xcode/GRMerge/build/Debug/GRMerge.app; sourceTree = "<absolute>"; };
		4E502DF42F69FA07000E4332 /* Assets.xcassets */ = {isa = PBXFileReference; lastKnownFileType = folder.assetcatalog; path = Assets.xcassets; sourceTree = "<group>"; };
		4E502DF62F69FA07000E4332 /* GRMergeApp.swift */ = {isa = PBXFileReference; lastKnownFileType = sourcecode.swift; path = GRMergeApp.swift; sourceTree = "<group>"; };
		4E502E032F69FB01000E4332 /* FileNode.swift */ = {isa = PBXFileReference; lastKnownFileType = sourcecode.swift; path = FileNode.swift; sourceTree = "<group>"; };
		4E502E042F69FB5F000E4332 /* CompareStatus.swift */ = {isa = PBXFileReference; lastKnownFileType = sourcecode.swift; path = CompareStatus.swift; sourceTree = "<group>"; };
		4E502E052F69FB89000E4332 /* CompareViewModel.swift */ = {isa = PBXFileReference; lastKnownFileType = sourcecode.swift; path = CompareViewModel.swift; sourceTree = "<group>"; };
		4E502E062F69FBCF000E4332 /* ContentView.swift */ = {isa = PBXFileReference; lastKnownFileType = sourcecode.swift; path = ContentView.swift; sourceTree = "<group>"; };
		4E502E072F69FBEF000E4332 /* SidebarView.swift */ = {isa = PBXFileReference; lastKnownFileType = sourcecode.swift; path = SidebarView.swift; sourceTree = "<group>"; };
		4E502E082F69FC1F000E4332 /* FolderPickerRow2.swift */ = {isa = PBXFileReference; lastKnownFileType = sourcecode.swift; path = FolderPickerRow2.swift; sourceTree = "<group>"; };
		4E502E092F69FC48000E4332 /* LegendView.swift */ = {isa = PBXFileReference; lastKnownFileType = sourcecode.swift; path = LegendView.swift; sourceTree = "<group>"; };
		4E502E0A2F69FC59000E4332 /* LegendRow.swift */ = {isa = PBXFileReference; lastKnownFileType = sourcecode.swift; path = LegendRow.swift; sourceTree = "<group>"; };
		4E502E0B2F69FC6D000E4332 /* ResultsView.swift */ = {isa = PBXFileReference; lastKnownFileType = sourcecode.swift; path = ResultsView.swift; sourceTree = "<group>"; };
		4E502E0C2F69FC88000E4332 /* FileRowView.swift */ = {isa = PBXFileReference; lastKnownFileType = sourcecode.swift; path = FileRowView.swift; sourceTree = "<group>"; };
		4E502E172F69FFCF000E4332 /* FileScanner.swift */ = {isa = PBXFileReference; lastKnownFileType = sourcecode.swift; path = FileScanner.swift; sourceTree = "<group>"; };
		4E502E182F69FFE4000E4332 /* FileComparator.swift */ = {isa = PBXFileReference; lastKnownFileType = sourcecode.swift; path = FileComparator.swift; sourceTree = "<group>"; };
		4E502E1B2F6A0455000E4332 /* CompareRule.swift */ = {isa = PBXFileReference; lastKnownFileType = sourcecode.swift; path = CompareRule.swift; sourceTree = "<group>"; };
		4E502E1D2F6A04A6000E4332 /* RulesView.swift */ = {isa = PBXFileReference; lastKnownFileType = sourcecode.swift; path = RulesView.swift; sourceTree = "<group>"; };
		4E502E1F2F6A06C1000E4332 /* ScanProgress.swift */ = {isa = PBXFileReference; lastKnownFileType = sourcecode.swift; path = ScanProgress.swift; sourceTree = "<group>"; };
		4E502E212F6A06E7000E4332 /* ProgressView.swift */ = {isa = PBXFileReference; lastKnownFileType = sourcecode.swift; path = ProgressView.swift; sourceTree = "<group>"; };
		4E502E232F6A0953000E4332 /* ResultFooterView.swift */ = {isa = PBXFileReference; lastKnownFileType = sourcecode.swift; path = ResultFooterView.swift; sourceTree = "<group>"; };
		4E502E252F6A0F22000E4332 /* README.md */ = {isa = PBXFileReference; lastKnownFileType = sourcecode.swift; path = README.md; sourceTree = "<group>"; };
/* End PBXFileReference section */

/* Begin PBXFrameworksBuildPhase section */
		4E502DDB2F69F6E5000E4332 /* Frameworks */ = {
			isa = PBXFrameworksBuildPhase;
			buildActionMask = 2147483647;
			files = (
			);
			runOnlyForDeploymentPostprocessing = 0;
		};
/* End PBXFrameworksBuildPhase section */

/* Begin PBXGroup section */
		4E502DD52F69F6E5000E4332 = {
			isa = PBXGroup;
			children = (
				4E502E252F6A0F22000E4332 /* README.md */,
				4E502DF62F69FA07000E4332 /* GRMergeApp.swift */,
				4E502DF42F69FA07000E4332 /* Assets.xcassets */,
				4E502E012F69FAC0000E4332 /* Services */,
				4E502E022F69FAC8000E4332 /* Views */,
				4E502E002F69FAB3000E4332 /* ViewModels */,
				4E502DFF2F69FAA5000E4332 /* Models */,
			);
			sourceTree = "<group>";
		};
		4E502DFF2F69FAA5000E4332 /* Models */ = {
			isa = PBXGroup;
			children = (
				4E502E1F2F6A06C1000E4332 /* ScanProgress.swift */,
				4E502E1B2F6A0455000E4332 /* CompareRule.swift */,
				4E502E042F69FB5F000E4332 /* CompareStatus.swift */,
				4E502E032F69FB01000E4332 /* FileNode.swift */,
			);
			path = Models;
			sourceTree = "<group>";
		};
		4E502E002F69FAB3000E4332 /* ViewModels */ = {
			isa = PBXGroup;
			children = (
				4E502E052F69FB89000E4332 /* CompareViewModel.swift */,
			);
			path = ViewModels;
			sourceTree = "<group>";
		};
		4E502E012F69FAC0000E4332 /* Services */ = {
			isa = PBXGroup;
			children = (
				4E502E182F69FFE4000E4332 /* FileComparator.swift */,
				4E502E172F69FFCF000E4332 /* FileScanner.swift */,
			);
			path = Services;
			sourceTree = "<group>";
		};
		4E502E022F69FAC8000E4332 /* Views */ = {
			isa = PBXGroup;
			children = (
				4E502E232F6A0953000E4332 /* ResultFooterView.swift */,
				4E502E212F6A06E7000E4332 /* ProgressView.swift */,
				4E502E1D2F6A04A6000E4332 /* RulesView.swift */,
				4E502E0C2F69FC88000E4332 /* FileRowView.swift */,
				4E502E0B2F69FC6D000E4332 /* ResultsView.swift */,
				4E502E0A2F69FC59000E4332 /* LegendRow.swift */,
				4E502E092F69FC48000E4332 /* LegendView.swift */,
				4E502E082F69FC1F000E4332 /* FolderPickerRow2.swift */,
				4E502E072F69FBEF000E4332 /* SidebarView.swift */,
				4E502E062F69FBCF000E4332 /* ContentView.swift */,
			);
			path = Views;
			sourceTree = "<group>";
		};
/* End PBXGroup section */

/* Begin PBXNativeTarget section */
		4E502DDD2F69F6E5000E4332 /* GRMerge */ = {
			isa = PBXNativeTarget;
			buildConfigurationList = 4E502DE92F69F6E6000E4332 /* Build configuration list for PBXNativeTarget "GRMerge" */;
			buildPhases = (
				4E502DDA2F69F6E5000E4332 /* Sources */,
				4E502DDB2F69F6E5000E4332 /* Frameworks */,
				4E502DDC2F69F6E5000E4332 /* Resources */,
			);
			buildRules = (
			);
			dependencies = (
			);
			name = GRMerge;
			packageProductDependencies = (
			);
			productName = GRMerge;
			productReference = 4E502DDE2F69F6E5000E4332 /* GRMerge.app */;
			productType = "com.apple.product-type.application";
		};
/* End PBXNativeTarget section */

/* Begin PBXProject section */
		4E502DD62F69F6E5000E4332 /* Project object */ = {
			isa = PBXProject;
			attributes = {
				BuildIndependentTargetsInParallel = 1;
				LastSwiftUpdateCheck = 2620;
				LastUpgradeCheck = 2620;
				TargetAttributes = {
					4E502DDD2F69F6E5000E4332 = {
						CreatedOnToolsVersion = 26.2;
					};
				};
			};
			buildConfigurationList = 4E502DD92F69F6E5000E4332 /* Build configuration list for PBXProject "GRMerge" */;
			developmentRegion = en;
			hasScannedForEncodings = 0;
			knownRegions = (
				en,
				Base,
			);
			mainGroup = 4E502DD52F69F6E5000E4332;
			minimizedProjectReferenceProxies = 1;
			preferredProjectObjectVersion = 77;
			productRefGroup = 4E502DD52F69F6E5000E4332;
			projectDirPath = "";
			projectRoot = "";
			targets = (
				4E502DDD2F69F6E5000E4332 /* GRMerge */,
			);
		};
/* End PBXProject section */

/* Begin PBXResourcesBuildPhase section */
		4E502DDC2F69F6E5000E4332 /* Resources */ = {
			isa = PBXResourcesBuildPhase;
			buildActionMask = 2147483647;
			files = (
				4E502DF82F69FA07000E4332 /* Assets.xcassets in Resources */,
			);
			runOnlyForDeploymentPostprocessing = 0;
		};
/* End PBXResourcesBuildPhase section */

/* Begin PBXSourcesBuildPhase section */
		4E502DDA2F69F6E5000E4332 /* Sources */ = {
			isa = PBXSourcesBuildPhase;
			buildActionMask = 2147483647;
			files = (
				4E502E152F69FED5000E4332 /* CompareStatus.swift in Sources */,
				4E502E162F69FED5000E4332 /* FileNode.swift in Sources */,
				4E502E202F6A06C4000E4332 /* ScanProgress.swift in Sources */,
				4E502E0D2F69FE7E000E4332 /* ContentView.swift in Sources */,
				4E502DFA2F69FA07000E4332 /* GRMergeApp.swift in Sources */,
				4E502E0E2F69FEC8000E4332 /* FolderPickerRow2.swift in Sources */,
				4E502E222F6A06EA000E4332 /* ProgressView.swift in Sources */,
				4E502E192F6A0109000E4332 /* FileComparator.swift in Sources */,
				4E502E242F6A095D000E4332 /* ResultFooterView.swift in Sources */,
				4E502E1A2F6A0109000E4332 /* FileScanner.swift in Sources */,
				4E502E0F2F69FEC8000E4332 /* ResultsView.swift in Sources */,
				4E502E142F69FECE000E4332 /* CompareViewModel.swift in Sources */,
				4E502E1E2F6A04AA000E4332 /* RulesView.swift in Sources */,
				4E502E262F6A0F28000E4332 /* README.md in Sources */,
				4E502E102F69FEC8000E4332 /* LegendRow.swift in Sources */,
				4E502E112F69FEC8000E4332 /* FileRowView.swift in Sources */,
				4E502E122F69FEC8000E4332 /* LegendView.swift in Sources */,
				4E502E132F69FEC8000E4332 /* SidebarView.swift in Sources */,
				4E502E1C2F6A0458000E4332 /* CompareRule.swift in Sources */,
			);
			runOnlyForDeploymentPostprocessing = 0;
		};
/* End PBXSourcesBuildPhase section */

/* Begin XCBuildConfiguration section */
		4E502DE72F69F6E6000E4332 /* Debug */ = {
			isa = XCBuildConfiguration;
			buildSettings = {
				ALWAYS_SEARCH_USER_PATHS = NO;
				ASSETCATALOG_COMPILER_GENERATE_SWIFT_ASSET_SYMBOL_EXTENSIONS = YES;
				CLANG_ANALYZER_NONNULL = YES;
				CLANG_ANALYZER_NUMBER_OBJECT_CONVERSION = YES_AGGRESSIVE;
				CLANG_CXX_LANGUAGE_STANDARD = "gnu++20";
				CLANG_ENABLE_MODULES = YES;
				CLANG_ENABLE_OBJC_ARC = YES;
				CLANG_ENABLE_OBJC_WEAK = YES;
				CLANG_WARN_BLOCK_CAPTURE_AUTORELEASING = YES;
				CLANG_WARN_BOOL_CONVERSION = YES;
				CLANG_WARN_COMMA = YES;
				CLANG_WARN_CONSTANT_CONVERSION = YES;
				CLANG_WARN_DEPRECATED_OBJC_IMPLEMENTATIONS = YES;
				CLANG_WARN_DIRECT_OBJC_ISA_USAGE = YES_ERROR;
				CLANG_WARN_DOCUMENTATION_COMMENTS = YES;
				CLANG_WARN_EMPTY_BODY = YES;
				CLANG_WARN_ENUM_CONVERSION = YES;
				CLANG_WARN_INFINITE_RECURSION = YES;
				CLANG_WARN_INT_CONVERSION = YES;
				CLANG_WARN_NON_LITERAL_NULL_CONVERSION = YES;
				CLANG_WARN_OBJC_IMPLICIT_RETAIN_SELF = YES;
				CLANG_WARN_OBJC_LITERAL_CONVERSION = YES;
				CLANG_WARN_OBJC_ROOT_CLASS = YES_ERROR;
				CLANG_WARN_QUOTED_INCLUDE_IN_FRAMEWORK_HEADER = YES;
				CLANG_WARN_RANGE_LOOP_ANALYSIS = YES;
				CLANG_WARN_STRICT_PROTOTYPES = YES;
				CLANG_WARN_SUSPICIOUS_MOVE = YES;
				CLANG_WARN_UNGUARDED_AVAILABILITY = YES_AGGRESSIVE;
				CLANG_WARN_UNREACHABLE_CODE = YES;
				CLANG_WARN__DUPLICATE_METHOD_MATCH = YES;
				COPY_PHASE_STRIP = NO;
				DEBUG_INFORMATION_FORMAT = dwarf;
				ENABLE_STRICT_OBJC_MSGSEND = YES;
				ENABLE_TESTABILITY = YES;
				ENABLE_USER_SCRIPT_SANDBOXING = YES;
				GCC_C_LANGUAGE_STANDARD = gnu17;
				GCC_DYNAMIC_NO_PIC = NO;
				GCC_NO_COMMON_BLOCKS = YES;
				GCC_OPTIMIZATION_LEVEL = 0;
				GCC_PREPROCESSOR_DEFINITIONS = (
					"DEBUG=1",
					"$(inherited)",
				);
				GCC_WARN_64_TO_32_BIT_CONVERSION = YES;
				GCC_WARN_ABOUT_RETURN_TYPE = YES_ERROR;
				GCC_WARN_UNDECLARED_SELECTOR = YES;
				GCC_WARN_UNINITIALIZED_AUTOS = YES_AGGRESSIVE;
				GCC_WARN_UNUSED_FUNCTION = YES;
				GCC_WARN_UNUSED_VARIABLE = YES;
				LOCALIZATION_PREFERS_STRING_CATALOGS = YES;
				MACOSX_DEPLOYMENT_TARGET = 26.2;
				MTL_ENABLE_DEBUG_INFO = INCLUDE_SOURCE;
				MTL_FAST_MATH = YES;
				ONLY_ACTIVE_ARCH = YES;
				SDKROOT = macosx;
				SWIFT_ACTIVE_COMPILATION_CONDITIONS = "DEBUG $(inherited)";
				SWIFT_OPTIMIZATION_LEVEL = "-Onone";
			};
			name = Debug;
		};
		4E502DE82F69F6E6000E4332 /* Release */ = {
			isa = XCBuildConfiguration;
			buildSettings = {
				ALWAYS_SEARCH_USER_PATHS = NO;
				ASSETCATALOG_COMPILER_GENERATE_SWIFT_ASSET_SYMBOL_EXTENSIONS = YES;
				CLANG_ANALYZER_NONNULL = YES;
				CLANG_ANALYZER_NUMBER_OBJECT_CONVERSION = YES_AGGRESSIVE;
				CLANG_CXX_LANGUAGE_STANDARD = "gnu++20";
				CLANG_ENABLE_MODULES = YES;
				CLANG_ENABLE_OBJC_ARC = YES;
				CLANG_ENABLE_OBJC_WEAK = YES;
				CLANG_WARN_BLOCK_CAPTURE_AUTORELEASING = YES;
				CLANG_WARN_BOOL_CONVERSION = YES;
				CLANG_WARN_COMMA = YES;
				CLANG_WARN_CONSTANT_CONVERSION = YES;
				CLANG_WARN_DEPRECATED_OBJC_IMPLEMENTATIONS = YES;
				CLANG_WARN_DIRECT_OBJC_ISA_USAGE = YES_ERROR;
				CLANG_WARN_DOCUMENTATION_COMMENTS = YES;
				CLANG_WARN_EMPTY_BODY = YES;
				CLANG_WARN_ENUM_CONVERSION = YES;
				CLANG_WARN_INFINITE_RECURSION = YES;
				CLANG_WARN_INT_CONVERSION = YES;
				CLANG_WARN_NON_LITERAL_NULL_CONVERSION = YES;
				CLANG_WARN_OBJC_IMPLICIT_RETAIN_SELF = YES;
				CLANG_WARN_OBJC_LITERAL_CONVERSION = YES;
				CLANG_WARN_OBJC_ROOT_CLASS = YES_ERROR;
				CLANG_WARN_QUOTED_INCLUDE_IN_FRAMEWORK_HEADER = YES;
				CLANG_WARN_RANGE_LOOP_ANALYSIS = YES;
				CLANG_WARN_STRICT_PROTOTYPES = YES;
				CLANG_WARN_SUSPICIOUS_MOVE = YES;
				CLANG_WARN_UNGUARDED_AVAILABILITY = YES_AGGRESSIVE;
				CLANG_WARN_UNREACHABLE_CODE = YES;
				CLANG_WARN__DUPLICATE_METHOD_MATCH = YES;
				COPY_PHASE_STRIP = NO;
				DEBUG_INFORMATION_FORMAT = "dwarf-with-dsym";
				ENABLE_NS_ASSERTIONS = NO;
				ENABLE_STRICT_OBJC_MSGSEND = YES;
				ENABLE_USER_SCRIPT_SANDBOXING = YES;
				GCC_C_LANGUAGE_STANDARD = gnu17;
				GCC_NO_COMMON_BLOCKS = YES;
				GCC_WARN_64_TO_32_BIT_CONVERSION = YES;
				GCC_WARN_ABOUT_RETURN_TYPE = YES_ERROR;
				GCC_WARN_UNDECLARED_SELECTOR = YES;
				GCC_WARN_UNINITIALIZED_AUTOS = YES_AGGRESSIVE;
				GCC_WARN_UNUSED_FUNCTION = YES;
				GCC_WARN_UNUSED_VARIABLE = YES;
				LOCALIZATION_PREFERS_STRING_CATALOGS = YES;
				MACOSX_DEPLOYMENT_TARGET = 26.2;
				MTL_ENABLE_DEBUG_INFO = NO;
				MTL_FAST_MATH = YES;
				SDKROOT = macosx;
				SWIFT_COMPILATION_MODE = wholemodule;
			};
			name = Release;
		};
		4E502DEA2F69F6E6000E4332 /* Debug */ = {
			isa = XCBuildConfiguration;
			buildSettings = {
				ASSETCATALOG_COMPILER_APPICON_NAME = AppIcon;
				ASSETCATALOG_COMPILER_GLOBAL_ACCENT_COLOR_NAME = AccentColor;
				CODE_SIGN_STYLE = Automatic;
				COMBINE_HIDPI_IMAGES = YES;
				CURRENT_PROJECT_VERSION = 1;
				ENABLE_APP_SANDBOX = YES;
				ENABLE_PREVIEWS = YES;
				ENABLE_USER_SELECTED_FILES = readonly;
				GENERATE_INFOPLIST_FILE = YES;
				INFOPLIST_KEY_NSHumanReadableCopyright = "";
				LD_RUNPATH_SEARCH_PATHS = (
					"$(inherited)",
					"@executable_path/../Frameworks",
				);
				MARKETING_VERSION = 1.0;
				PRODUCT_BUNDLE_IDENTIFIER = vurtis.GRMerge;
				PRODUCT_NAME = "$(TARGET_NAME)";
				REGISTER_APP_GROUPS = YES;
				STRING_CATALOG_GENERATE_SYMBOLS = YES;
				SWIFT_APPROACHABLE_CONCURRENCY = YES;
				SWIFT_DEFAULT_ACTOR_ISOLATION = MainActor;
				SWIFT_EMIT_LOC_STRINGS = YES;
				SWIFT_UPCOMING_FEATURE_MEMBER_IMPORT_VISIBILITY = YES;
				SWIFT_VERSION = 5.0;
			};
			name = Debug;
		};
		4E502DEB2F69F6E6000E4332 /* Release */ = {
			isa = XCBuildConfiguration;
			buildSettings = {
				ASSETCATALOG_COMPILER_APPICON_NAME = AppIcon;
				ASSETCATALOG_COMPILER_GLOBAL_ACCENT_COLOR_NAME = AccentColor;
				CODE_SIGN_STYLE = Automatic;
				COMBINE_HIDPI_IMAGES = YES;
				CURRENT_PROJECT_VERSION = 1;
				ENABLE_APP_SANDBOX = YES;
				ENABLE_PREVIEWS = YES;
				ENABLE_USER_SELECTED_FILES = readonly;
				GENERATE_INFOPLIST_FILE = YES;
				INFOPLIST_KEY_NSHumanReadableCopyright = "";
				LD_RUNPATH_SEARCH_PATHS = (
					"$(inherited)",
					"@executable_path/../Frameworks",
				);
				MARKETING_VERSION = 1.0;
				PRODUCT_BUNDLE_IDENTIFIER = vurtis.GRMerge;
				PRODUCT_NAME = "$(TARGET_NAME)";
				REGISTER_APP_GROUPS = YES;
				STRING_CATALOG_GENERATE_SYMBOLS = YES;
				SWIFT_APPROACHABLE_CONCURRENCY = YES;
				SWIFT_DEFAULT_ACTOR_ISOLATION = MainActor;
				SWIFT_EMIT_LOC_STRINGS = YES;
				SWIFT_UPCOMING_FEATURE_MEMBER_IMPORT_VISIBILITY = YES;
				SWIFT_VERSION = 5.0;
			};
			name = Release;
		};
/* End XCBuildConfiguration section */

/* Begin XCConfigurationList section */
		4E502DD92F69F6E5000E4332 /* Build configuration list for PBXProject "GRMerge" */ = {
			isa = XCConfigurationList;
			buildConfigurations = (
				4E502DE72F69F6E6000E4332 /* Debug */,
				4E502DE82F69F6E6000E4332 /* Release */,
			);
			defaultConfigurationIsVisible = 0;
			defaultConfigurationName = Release;
		};
		4E502DE92F69F6E6000E4332 /* Build configuration list for PBXNativeTarget "GRMerge" */ = {
			isa = XCConfigurationList;
			buildConfigurations = (
				4E502DEA2F69F6E6000E4332 /* Debug */,
				4E502DEB2F69F6E6000E4332 /* Release */,
			);
			defaultConfigurationIsVisible = 0;
			defaultConfigurationName = Release;
		};
/* End XCConfigurationList section */
	};
	rootObject = 4E502DD62F69F6E5000E4332 /* Project object */;
}
